
Microsoft Visual Studio Solution File, Format Version 12.00
# Visual Studio Version 16
VisualStudioVersion = 16.0.31112.23
MinimumVisualStudioVersion = 10.0.40219.1
Project("{FAE04EC0-301F-11D3-BF4B-00C04F79EFBC}") = "FizzBuzz", "FizzBuzz\FizzBuzz.csproj", "{743C9941-26F1-46A0-B700-312755735299}"
EndProject
Global
	GlobalSection(SolutionConfigurationPlatforms) = preSolution
		Debug|Any CPU = Debug|Any CPU
		Release|Any CPU = Release|Any CPU
	EndGlobalSection
	GlobalSection(ProjectConfigurationPlatforms) = postSolution
		{743C9941-26F1-46A0-B700-312755735299}.Debug|Any CPU.ActiveCfg = Debug|Any CPU
		{743C9941-26F1-46A0-B700-312755735299}.Debug|Any CPU.Build.0 = Debug|Any CPU
		{743C9941-26F1-46A0-B700-312755735299}.Release|Any CPU.ActiveCfg = Release|Any CPU
		{743C9941-26F1-46A0-B700-312755735299}.Release|Any CPU.Build.0 = Release|Any CPU
	EndGlobalSection
	GlobalSection(SolutionProperties) = preSolution
		HideSolutionNode = FALSE
	EndGlobalSection
	GlobalSection(ExtensibilityGlobals) = postSolution
		SolutionGuid = {56FDDD4C-2607-40E2-A32B-0D6A9B9182B7}
	EndGlobalSection
EndGlobal
